
Microsoft Visual Studio Solution File, Format Version 12.00
# Visual Studio 15
VisualStudioVersion = 15.0.27703.2042
MinimumVisualStudioVersion = 10.0.40219.1
Project("{FAE04EC0-301F-11D3-BF4B-00C04F79EFBC}") = "gccapstone1", "gccapstone1\gccapstone1.csproj", "{BC1E0AE8-45ED-48DA-9B89-9F8BD245F8FB}"
EndProject
Global
	GlobalSection(SolutionConfigurationPlatforms) = preSolution
		Debug|Any CPU = Debug|Any CPU
		Release|Any CPU = Release|Any CPU
	EndGlobalSection
	GlobalSection(ProjectConfigurationPlatforms) = postSolution
		{BC1E0AE8-45ED-48DA-9B89-9F8BD245F8FB}.Debug|Any CPU.ActiveCfg = Debug|Any CPU
		{BC1E0AE8-45ED-48DA-9B89-9F8BD245F8FB}.Debug|Any CPU.Build.0 = Debug|Any CPU
		{BC1E0AE8-45ED-48DA-9B89-9F8BD245F8FB}.Release|Any CPU.ActiveCfg = Release|Any CPU
		{BC1E0AE8-45ED-48DA-9B89-9F8BD245F8FB}.Release|Any CPU.Build.0 = Release|Any CPU
	EndGlobalSection
	GlobalSection(SolutionProperties) = preSolution
		HideSolutionNode = FALSE
	EndGlobalSection
	GlobalSection(ExtensibilityGlobals) = postSolution
		SolutionGuid = {0E66DACC-B237-4156-896D-5B771C481CD0}
	EndGlobalSection
EndGlobal
